
Microsoft Visual Studio Solution File, Format Version 12.00
# Visual Studio Version 16
VisualStudioVersion = 16.0.31727.386
MinimumVisualStudioVersion = 10.0.40219.1
Project("{888888A0-9F3D-457C-B088-3A5042F75D52}") = "DigitalClock", "DigitalClock\DigitalClock.pyproj", "{967CBE51-6935-44FA-B91C-5ED65FA2DF06}"
EndProject
Global
	GlobalSection(SolutionConfigurationPlatforms) = preSolution
		Debug|Any CPU = Debug|Any CPU
		Release|Any CPU = Release|Any CPU
	EndGlobalSection
	GlobalSection(ProjectConfigurationPlatforms) = postSolution
		{967CBE51-6935-44FA-B91C-5ED65FA2DF06}.Debug|Any CPU.ActiveCfg = Debug|Any CPU
		{967CBE51-6935-44FA-B91C-5ED65FA2DF06}.Release|Any CPU.ActiveCfg = Release|Any CPU
	EndGlobalSection
	GlobalSection(SolutionProperties) = preSolution
		HideSolutionNode = FALSE
	EndGlobalSection
	GlobalSection(ExtensibilityGlobals) = postSolution
		SolutionGuid = {EC248EEC-A893-4D04-9FAF-1A3236DD4059}
	EndGlobalSection
EndGlobal
